
Microsoft Visual Studio Solution File, Format Version 12.00
Project("{FAE04EC0-301F-11D3-BF4B-00C04F79EFBC}") = "PoodleTrimmers", "PoodleTrimmers\PoodleTrimmers.csproj", "{0DC49431-091B-490D-8185-C21A47E78E97}"
EndProject
Global
	GlobalSection(SolutionConfigurationPlatforms) = preSolution
		Debug|Any CPU = Debug|Any CPU
		Release|Any CPU = Release|Any CPU
	EndGlobalSection
	GlobalSection(ProjectConfigurationPlatforms) = postSolution
		{0DC49431-091B-490D-8185-C21A47E78E97}.Debug|Any CPU.ActiveCfg = Debug|Any CPU
		{0DC49431-091B-490D-8185-C21A47E78E97}.Debug|Any CPU.Build.0 = Debug|Any CPU
		{0DC49431-091B-490D-8185-C21A47E78E97}.Release|Any CPU.ActiveCfg = Release|Any CPU
		{0DC49431-091B-490D-8185-C21A47E78E97}.Release|Any CPU.Build.0 = Release|Any CPU
	EndGlobalSection
EndGlobal
